
Microsoft Visual Studio Solution File, Format Version 12.00
Project("{FAE04EC0-301F-11D3-BF4B-00C04F79EFBC}") = "Metodos Numericos", "Metodos Numericos\Metodos Numericos.csproj", "{74A0236F-9BA9-4095-80C5-BA66B58A190B}"
EndProject
Project("{FAE04EC0-301F-11D3-BF4B-00C04F79EFBC}") = "WinFormsApp1", "WinFormsApp1\WinFormsApp1.csproj", "{A5AB71A1-4B6C-429C-8077-FD67CB79DC4C}"
EndProject
Global
	GlobalSection(SolutionConfigurationPlatforms) = preSolution
		Debug|Any CPU = Debug|Any CPU
		Release|Any CPU = Release|Any CPU
	EndGlobalSection
	GlobalSection(ProjectConfigurationPlatforms) = postSolution
		{74A0236F-9BA9-4095-80C5-BA66B58A190B}.Debug|Any CPU.ActiveCfg = Debug|Any CPU
		{74A0236F-9BA9-4095-80C5-BA66B58A190B}.Debug|Any CPU.Build.0 = Debug|Any CPU
		{74A0236F-9BA9-4095-80C5-BA66B58A190B}.Release|Any CPU.ActiveCfg = Release|Any CPU
		{74A0236F-9BA9-4095-80C5-BA66B58A190B}.Release|Any CPU.Build.0 = Release|Any CPU
		{A5AB71A1-4B6C-429C-8077-FD67CB79DC4C}.Debug|Any CPU.ActiveCfg = Debug|Any CPU
		{A5AB71A1-4B6C-429C-8077-FD67CB79DC4C}.Debug|Any CPU.Build.0 = Debug|Any CPU
		{A5AB71A1-4B6C-429C-8077-FD67CB79DC4C}.Release|Any CPU.ActiveCfg = Release|Any CPU
		{A5AB71A1-4B6C-429C-8077-FD67CB79DC4C}.Release|Any CPU.Build.0 = Release|Any CPU
	EndGlobalSection
EndGlobal
